// !$*UTF8*$!
{
	archiveVersion = 1;
	classes = {
	};
	objectVersion = 51;
	objects = {

/* Begin PBXBuildFile section */
		6C31D797233F629E0058E3C3 /* AppDelegate.swift in Sources */ = {isa = PBXBuildFile; fileRef = 6C31D796233F629E0058E3C3 /* AppDelegate.swift */; };
		6C31D79C233F629E0058E3C3 /* Main.storyboard in Resources */ = {isa = PBXBuildFile; fileRef = 6C31D79A233F629E0058E3C3 /* Main.storyboard */; };
		6C31D79E233F62A00058E3C3 /* Assets.xcassets in Resources */ = {isa = PBXBuildFile; fileRef = 6C31D79D233F62A00058E3C3 /* Assets.xcassets */; };
		6C31D7A1233F62A00058E3C3 /* LaunchScreen.storyboard in Resources */ = {isa = PBXBuildFile; fileRef = 6C31D79F233F62A00058E3C3 /* LaunchScreen.storyboard */; };
		6C31D7AD233F674F0058E3C3 /* AlamofieViewController.swift in Sources */ = {isa = PBXBuildFile; fileRef = 6C31D7AC233F674F0058E3C3 /* AlamofieViewController.swift */; };
		6C31D7AF233F73700058E3C3 /* Model.swift in Sources */ = {isa = PBXBuildFile; fileRef = 6C31D7AE233F73700058E3C3 /* Model.swift */; };
		D8E8236ED37B605FF869BDE2 /* Pods_URLvsALAMOFIRE.framework in Frameworks */ = {isa = PBXBuildFile; fileRef = 479D14838868A79D30798250 /* Pods_URLvsALAMOFIRE.framework */; };
/* End PBXBuildFile section */

/* Begin PBXFileReference section */
		479D14838868A79D30798250 /* Pods_URLvsALAMOFIRE.framework */ = {isa = PBXFileReference; explicitFileType = wrapper.framework; includeInIndex = 0; path = Pods_URLvsALAMOFIRE.framework; sourceTree = BUILT_PRODUCTS_DIR; };
		4D8CE40196AC5CA7164E3998 /* Pods-URLvsALAMOFIRE.release.xcconfig */ = {isa = PBXFileReference; includeInIndex = 1; lastKnownFileType = text.xcconfig; name = "Pods-URLvsALAMOFIRE.release.xcconfig"; path = "Target Support Files/Pods-URLvsALAMOFIRE/Pods-URLvsALAMOFIRE.release.xcconfig"; sourceTree = "<group>"; };
		6C31D793233F629E0058E3C3 /* URLvsALAMOFIRE.app */ = {isa = PBXFileReference; explicitFileType = wrapper.application; includeInIndex = 0; path = URLvsALAMOFIRE.app; sourceTree = BUILT_PRODUCTS_DIR; };
		6C31D796233F629E0058E3C3 /* AppDelegate.swift */ = {isa = PBXFileReference; lastKnownFileType = sourcecode.swift; path = AppDelegate.swift; sourceTree = "<group>"; };
		6C31D79B233F629E0058E3C3 /* Base */ = {isa = PBXFileReference; lastKnownFileType = file.storyboard; name = Base; path = Base.lproj/Main.storyboard; sourceTree = "<group>"; };
		6C31D79D233F62A00058E3C3 /* Assets.xcassets */ = {isa = PBXFileReference; lastKnownFileType = folder.assetcatalog; path = Assets.xcassets; sourceTree = "<group>"; };
		6C31D7A0233F62A00058E3C3 /* Base */ = {isa = PBXFileReference; lastKnownFileType = file.storyboard; name = Base; path = Base.lproj/LaunchScreen.storyboard; sourceTree = "<group>"; };
		6C31D7A2233F62A00058E3C3 /* Info.plist */ = {isa = PBXFileReference; lastKnownFileType = text.plist.xml; path = Info.plist; sourceTree = "<group>"; };
		6C31D7AC233F674F0058E3C3 /* AlamofieViewController.swift */ = {isa = PBXFileReference; lastKnownFileType = sourcecode.swift; path = AlamofieViewController.swift; sourceTree = "<group>"; };
		6C31D7AE233F73700058E3C3 /* Model.swift */ = {isa = PBXFileReference; lastKnownFileType = sourcecode.swift; path = Model.swift; sourceTree = "<group>"; };
		706433B6D38951DDB8F32A27 /* Pods-URLvsALAMOFIRE.debug.xcconfig */ = {isa = PBXFileReference; includeInIndex = 1; lastKnownFileType = text.xcconfig; name = "Pods-URLvsALAMOFIRE.debug.xcconfig"; path = "Target Support Files/Pods-URLvsALAMOFIRE/Pods-URLvsALAMOFIRE.debug.xcconfig"; sourceTree = "<group>"; };
/* End PBXFileReference section */

/* Begin PBXFrameworksBuildPhase section */
		6C31D790233F629E0058E3C3 /* Frameworks */ = {
			isa = PBXFrameworksBuildPhase;
			buildActionMask = 2147483647;
			files = (
				D8E8236ED37B605FF869BDE2 /* Pods_URLvsALAMOFIRE.framework in Frameworks */,
			);
			runOnlyForDeploymentPostprocessing = 0;
		};
/* End PBXFrameworksBuildPhase section */

/* Begin PBXGroup section */
		1FAC016EA79DBC2BD6F828FB /* Pods */ = {
			isa = PBXGroup;
			children = (
				706433B6D38951DDB8F32A27 /* Pods-URLvsALAMOFIRE.debug.xcconfig */,
				4D8CE40196AC5CA7164E3998 /* Pods-URLvsALAMOFIRE.release.xcconfig */,
			);
			path = Pods;
			sourceTree = "<group>";
		};
		6C31D78A233F629D0058E3C3 = {
			isa = PBXGroup;
			children = (
				6C31D795233F629E0058E3C3 /* URLvsALAMOFIRE */,
				6C31D794233F629E0058E3C3 /* Products */,
				1FAC016EA79DBC2BD6F828FB /* Pods */,
				7EE0802E55A3AD414E7E8664 /* Frameworks */,
			);
			sourceTree = "<group>";
		};
		6C31D794233F629E0058E3C3 /* Products */ = {
			isa = PBXGroup;
			children = (
				6C31D793233F629E0058E3C3 /* URLvsALAMOFIRE.app */,
			);
			name = Products;
			sourceTree = "<group>";
		};
		6C31D795233F629E0058E3C3 /* URLvsALAMOFIRE */ = {
			isa = PBXGroup;
			children = (
				6C31D796233F629E0058E3C3 /* AppDelegate.swift */,
				6C31D7AC233F674F0058E3C3 /* AlamofieViewController.swift */,
				6C31D7AE233F73700058E3C3 /* Model.swift */,
				6C31D79A233F629E0058E3C3 /* Main.storyboard */,
				6C31D79D233F62A00058E3C3 /* Assets.xcassets */,
				6C31D79F233F62A00058E3C3 /* LaunchScreen.storyboard */,
				6C31D7A2233F62A00058E3C3 /* Info.plist */,
			);
			path = URLvsALAMOFIRE;
			sourceTree = "<group>";
		};
		7EE0802E55A3AD414E7E8664 /* Frameworks */ = {
			isa = PBXGroup;
			children = (
				479D14838868A79D30798250 /* Pods_URLvsALAMOFIRE.framework */,
			);
			name = Frameworks;
			sourceTree = "<group>";
		};
/* End PBXGroup section */

/* Begin PBXNativeTarget section */
		6C31D792233F629E0058E3C3 /* URLvsALAMOFIRE */ = {
			isa = PBXNativeTarget;
			buildConfigurationList = 6C31D7A5233F62A00058E3C3 /* Build configuration list for PBXNativeTarget "URLvsALAMOFIRE" */;
			buildPhases = (
				77EF2BEF97810DA8DFEBA39C /* [CP] Check Pods Manifest.lock */,
				6C31D78F233F629E0058E3C3 /* Sources */,
				6C31D790233F629E0058E3C3 /* Frameworks */,
				6C31D791233F629E0058E3C3 /* Resources */,
				FBB3DFAC71A0043BD9BA09BD /* [CP] Embed Pods Frameworks */,
			);
			buildRules = (
			);
			dependencies = (
			);
			name = URLvsALAMOFIRE;
			productName = URLvsALAMOFIRE;
			productReference = 6C31D793233F629E0058E3C3 /* URLvsALAMOFIRE.app */;
			productType = "com.apple.product-type.application";
		};
/* End PBXNativeTarget section */

/* Begin PBXProject section */
		6C31D78B233F629E0058E3C3 /* Project object */ = {
			isa = PBXProject;
			attributes = {
				LastSwiftUpdateCheck = 1020;
				LastUpgradeCheck = 1020;
				ORGANIZATIONNAME = "Магомед Абдуразаков";
				TargetAttributes = {
					6C31D792233F629E0058E3C3 = {
						CreatedOnToolsVersion = 10.2;
					};
				};
			};
			buildConfigurationList = 6C31D78E233F629E0058E3C3 /* Build configuration list for PBXProject "URLvsALAMOFIRE" */;
			compatibilityVersion = "Xcode 9.3";
			developmentRegion = en;
			hasScannedForEncodings = 0;
			knownRegions = (
				en,
				Base,
			);
			mainGroup = 6C31D78A233F629D0058E3C3;
			productRefGroup = 6C31D794233F629E0058E3C3 /* Products */;
			projectDirPath = "";
			projectRoot = "";
			targets = (
				6C31D792233F629E0058E3C3 /* URLvsALAMOFIRE */,
			);
		};
/* End PBXProject section */

/* Begin PBXResourcesBuildPhase section */
		6C31D791233F629E0058E3C3 /* Resources */ = {
			isa = PBXResourcesBuildPhase;
			buildActionMask = 2147483647;
			files = (
				6C31D7A1233F62A00058E3C3 /* LaunchScreen.storyboard in Resources */,
				6C31D79E233F62A00058E3C3 /* Assets.xcassets in Resources */,
				6C31D79C233F629E0058E3C3 /* Main.storyboard in Resources */,
			);
			runOnlyForDeploymentPostprocessing = 0;
		};
/* End PBXResourcesBuildPhase section */

/* Begin PBXShellScriptBuildPhase section */
		77EF2BEF97810DA8DFEBA39C /* [CP] Check Pods Manifest.lock */ = {
			isa = PBXShellScriptBuildPhase;
			buildActionMask = 2147483647;
			files = (
			);
			inputFileListPaths = (
			);
			inputPaths = (
				"${PODS_PODFILE_DIR_PATH}/Podfile.lock",
				"${PODS_ROOT}/Manifest.lock",
			);
			name = "[CP] Check Pods Manifest.lock";
			outputFileListPaths = (
			);
			outputPaths = (
				"$(DERIVED_FILE_DIR)/Pods-URLvsALAMOFIRE-checkManifestLockResult.txt",
			);
			runOnlyForDeploymentPostprocessing = 0;
			shellPath = /bin/sh;
			shellScript = "diff \"${PODS_PODFILE_DIR_PATH}/Podfile.lock\" \"${PODS_ROOT}/Manifest.lock\" > /dev/null\nif [ $? != 0 ] ; then\n    # print error to STDERR\n    echo \"error: The sandbox is not in sync with the Podfile.lock. Run 'pod install' or update your CocoaPods installation.\" >&2\n    exit 1\nfi\n# This output is used by Xcode 'outputs' to avoid re-running this script phase.\necho \"SUCCESS\" > \"${SCRIPT_OUTPUT_FILE_0}\"\n";
			showEnvVarsInLog = 0;
		};
		FBB3DFAC71A0043BD9BA09BD /* [CP] Embed Pods Frameworks */ = {
			isa = PBXShellScriptBuildPhase;
			buildActionMask = 2147483647;
			files = (
			);
			inputFileListPaths = (
				"${PODS_ROOT}/Target Support Files/Pods-URLvsALAMOFIRE/Pods-URLvsALAMOFIRE-frameworks-${CONFIGURATION}-input-files.xcfilelist",
			);
			name = "[CP] Embed Pods Frameworks";
			outputFileListPaths = (
				"${PODS_ROOT}/Target Support Files/Pods-URLvsALAMOFIRE/Pods-URLvsALAMOFIRE-frameworks-${CONFIGURATION}-output-files.xcfilelist",
			);
			runOnlyForDeploymentPostprocessing = 0;
			shellPath = /bin/sh;
			shellScript = "\"${PODS_ROOT}/Target Support Files/Pods-URLvsALAMOFIRE/Pods-URLvsALAMOFIRE-frameworks.sh\"\n";
			showEnvVarsInLog = 0;
		};
/* End PBXShellScriptBuildPhase section */

/* Begin PBXSourcesBuildPhase section */
		6C31D78F233F629E0058E3C3 /* Sources */ = {
			isa = PBXSourcesBuildPhase;
			buildActionMask = 2147483647;
			files = (
				6C31D7AF233F73700058E3C3 /* Model.swift in Sources */,
				6C31D7AD233F674F0058E3C3 /* AlamofieViewController.swift in Sources */,
				6C31D797233F629E0058E3C3 /* AppDelegate.swift in Sources */,
			);
			runOnlyForDeploymentPostprocessing = 0;
		};
/* End PBXSourcesBuildPhase section */

/* Begin PBXVariantGroup section */
		6C31D79A233F629E0058E3C3 /* Main.storyboard */ = {
			isa = PBXVariantGroup;
			children = (
				6C31D79B233F629E0058E3C3 /* Base */,
			);
			name = Main.storyboard;
			sourceTree = "<group>";
		};
		6C31D79F233F62A00058E3C3 /* LaunchScreen.storyboard */ = {
			isa = PBXVariantGroup;
			children = (
				6C31D7A0233F62A00058E3C3 /* Base */,
			);
			name = LaunchScreen.storyboard;
			sourceTree = "<group>";
		};
/* End PBXVariantGroup section */

/* Begin XCBuildConfiguration section */
		6C31D7A3233F62A00058E3C3 /* Debug */ = {
			isa = XCBuildConfiguration;
			buildSettings = {
				ALWAYS_SEARCH_USER_PATHS = NO;
				CLANG_ANALYZER_NONNULL = YES;
				CLANG_ANALYZER_NUMBER_OBJECT_CONVERSION = YES_AGGRESSIVE;
				CLANG_CXX_LANGUAGE_STANDARD = "gnu++14";
				CLANG_CXX_LIBRARY = "libc++";
				CLANG_ENABLE_MODULES = YES;
				CLANG_ENABLE_OBJC_ARC = YES;
				CLANG_ENABLE_OBJC_WEAK = YES;
				CLANG_WARN_BLOCK_CAPTURE_AUTORELEASING = YES;
				CLANG_WARN_BOOL_CONVERSION = YES;
				CLANG_WARN_COMMA = YES;
				CLANG_WARN_CONSTANT_CONVERSION = YES;
				CLANG_WARN_DEPRECATED_OBJC_IMPLEMENTATIONS = YES;
				CLANG_WARN_DIRECT_OBJC_ISA_USAGE = YES_ERROR;
				CLANG_WARN_DOCUMENTATION_COMMENTS = YES;
				CLANG_WARN_EMPTY_BODY = YES;
				CLANG_WARN_ENUM_CONVERSION = YES;
				CLANG_WARN_INFINITE_RECURSION = YES;
				CLANG_WARN_INT_CONVERSION = YES;
				CLANG_WARN_NON_LITERAL_NULL_CONVERSION = YES;
				CLANG_WARN_OBJC_IMPLICIT_RETAIN_SELF = YES;
				CLANG_WARN_OBJC_LITERAL_CONVERSION = YES;
				CLANG_WARN_OBJC_ROOT_CLASS = YES_ERROR;
				CLANG_WARN_RANGE_LOOP_ANALYSIS = YES;
				CLANG_WARN_STRICT_PROTOTYPES = YES;
				CLANG_WARN_SUSPICIOUS_MOVE = YES;
				CLANG_WARN_UNGUARDED_AVAILABILITY = YES_AGGRESSIVE;
				CLANG_WARN_UNREACHABLE_CODE = YES;
				CLANG_WARN__DUPLICATE_METHOD_MATCH = YES;
				CODE_SIGN_IDENTITY = "iPhone Developer";
				COPY_PHASE_STRIP = NO;
				DEBUG_INFORMATION_FORMAT = dwarf;
				ENABLE_STRICT_OBJC_MSGSEND = YES;
				ENABLE_TESTABILITY = YES;
				GCC_C_LANGUAGE_STANDARD = gnu11;
				GCC_DYNAMIC_NO_PIC = NO;
				GCC_NO_COMMON_BLOCKS = YES;
				GCC_OPTIMIZATION_LEVEL = 0;
				GCC_PREPROCESSOR_DEFINITIONS = (
					"DEBUG=1",
					"$(inherited)",
				);
				GCC_WARN_64_TO_32_BIT_CONVERSION = YES;
				GCC_WARN_ABOUT_RETURN_TYPE = YES_ERROR;
				GCC_WARN_UNDECLARED_SELECTOR = YES;
				GCC_WARN_UNINITIALIZED_AUTOS = YES_AGGRESSIVE;
				GCC_WARN_UNUSED_FUNCTION = YES;
				GCC_WARN_UNUSED_VARIABLE = YES;
				IPHONEOS_DEPLOYMENT_TARGET = 12.2;
				MTL_ENABLE_DEBUG_INFO = INCLUDE_SOURCE;
				MTL_FAST_MATH = YES;
				ONLY_ACTIVE_ARCH = YES;
				SDKROOT = iphoneos;
				SWIFT_ACTIVE_COMPILATION_CONDITIONS = DEBUG;
				SWIFT_OPTIMIZATION_LEVEL = "-Onone";
			};
			name = Debug;
		};
		6C31D7A4233F62A00058E3C3 /* Release */ = {
			isa = XCBuildConfiguration;
			buildSettings = {
				ALWAYS_SEARCH_USER_PATHS = NO;
				CLANG_ANALYZER_NONNULL = YES;
				CLANG_ANALYZER_NUMBER_OBJECT_CONVERSION = YES_AGGRESSIVE;
				CLANG_CXX_LANGUAGE_STANDARD = "gnu++14";
				CLANG_CXX_LIBRARY = "libc++";
				CLANG_ENABLE_MODULES = YES;
				CLANG_ENABLE_OBJC_ARC = YES;
				CLANG_ENABLE_OBJC_WEAK = YES;
				CLANG_WARN_BLOCK_CAPTURE_AUTORELEASING = YES;
				CLANG_WARN_BOOL_CONVERSION = YES;
				CLANG_WARN_COMMA = YES;
				CLANG_WARN_CONSTANT_CONVERSION = YES;
				CLANG_WARN_DEPRECATED_OBJC_IMPLEMENTATIONS = YES;
				CLANG_WARN_DIRECT_OBJC_ISA_USAGE = YES_ERROR;
				CLANG_WARN_DOCUMENTATION_COMMENTS = YES;
				CLANG_WARN_EMPTY_BODY = YES;
				CLANG_WARN_ENUM_CONVERSION = YES;
				CLANG_WARN_INFINITE_RECURSION = YES;
				CLANG_WARN_INT_CONVERSION = YES;
				CLANG_WARN_NON_LITERAL_NULL_CONVERSION = YES;
				CLANG_WARN_OBJC_IMPLICIT_RETAIN_SELF = YES;
				CLANG_WARN_OBJC_LITERAL_CONVERSION = YES;
				CLANG_WARN_OBJC_ROOT_CLASS = YES_ERROR;
				CLANG_WARN_RANGE_LOOP_ANALYSIS = YES;
				CLANG_WARN_STRICT_PROTOTYPES = YES;
				CLANG_WARN_SUSPICIOUS_MOVE = YES;
				CLANG_WARN_UNGUARDED_AVAILABILITY = YES_AGGRESSIVE;
				CLANG_WARN_UNREACHABLE_CODE = YES;
				CLANG_WARN__DUPLICATE_METHOD_MATCH = YES;
				CODE_SIGN_IDENTITY = "iPhone Developer";
				COPY_PHASE_STRIP = NO;
				DEBUG_INFORMATION_FORMAT = "dwarf-with-dsym";
				ENABLE_NS_ASSERTIONS = NO;
				ENABLE_STRICT_OBJC_MSGSEND = YES;
				GCC_C_LANGUAGE_STANDARD = gnu11;
				GCC_NO_COMMON_BLOCKS = YES;
				GCC_WARN_64_TO_32_BIT_CONVERSION = YES;
				GCC_WARN_ABOUT_RETURN_TYPE = YES_ERROR;
				GCC_WARN_UNDECLARED_SELECTOR = YES;
				GCC_WARN_UNINITIALIZED_AUTOS = YES_AGGRESSIVE;
				GCC_WARN_UNUSED_FUNCTION = YES;
				GCC_WARN_UNUSED_VARIABLE = YES;
				IPHONEOS_DEPLOYMENT_TARGET = 12.2;
				MTL_ENABLE_DEBUG_INFO = NO;
				MTL_FAST_MATH = YES;
				SDKROOT = iphoneos;
				SWIFT_COMPILATION_MODE = wholemodule;
				SWIFT_OPTIMIZATION_LEVEL = "-O";
				VALIDATE_PRODUCT = YES;
			};
			name = Release;
		};
		6C31D7A6233F62A00058E3C3 /* Debug */ = {
			isa = XCBuildConfiguration;
			baseConfigurationReference = 706433B6D38951DDB8F32A27 /* Pods-URLvsALAMOFIRE.debug.xcconfig */;
			buildSettings = {
				ASSETCATALOG_COMPILER_APPICON_NAME = AppIcon;
				CODE_SIGN_STYLE = Automatic;
				DEVELOPMENT_TEAM = FC4H949Q49;
				INFOPLIST_FILE = URLvsALAMOFIRE/Info.plist;
				LD_RUNPATH_SEARCH_PATHS = (
					"$(inherited)",
					"@executable_path/Frameworks",
				);
				PRODUCT_BUNDLE_IDENTIFIER = AMA.URLvsALAMOFIRE;
				PRODUCT_NAME = "$(TARGET_NAME)";
				SWIFT_VERSION = 5.0;
				TARGETED_DEVICE_FAMILY = "1,2";
			};
			name = Debug;
		};
		6C31D7A7233F62A00058E3C3 /* Release */ = {
			isa = XCBuildConfiguration;
			baseConfigurationReference = 4D8CE40196AC5CA7164E3998 /* Pods-URLvsALAMOFIRE.release.xcconfig */;
			buildSettings = {
				ASSETCATALOG_COMPILER_APPICON_NAME = AppIcon;
				CODE_SIGN_STYLE = Automatic;
				DEVELOPMENT_TEAM = FC4H949Q49;
				INFOPLIST_FILE = URLvsALAMOFIRE/Info.plist;
				LD_RUNPATH_SEARCH_PATHS = (
					"$(inherited)",
					"@executable_path/Frameworks",
				);
				PRODUCT_BUNDLE_IDENTIFIER = AMA.URLvsALAMOFIRE;
				PRODUCT_NAME = "$(TARGET_NAME)";
				SWIFT_VERSION = 5.0;
				TARGETED_DEVICE_FAMILY = "1,2";
			};
			name = Release;
		};
/* End XCBuildConfiguration section */

/* Begin XCConfigurationList section */
		6C31D78E233F629E0058E3C3 /* Build configuration list for PBXProject "URLvsALAMOFIRE" */ = {
			isa = XCConfigurationList;
			buildConfigurations = (
				6C31D7A3233F62A00058E3C3 /* Debug */,
				6C31D7A4233F62A00058E3C3 /* Release */,
			);
			defaultConfigurationIsVisible = 0;
			defaultConfigurationName = Release;
		};
		6C31D7A5233F62A00058E3C3 /* Build configuration list for PBXNativeTarget "URLvsALAMOFIRE" */ = {
			isa = XCConfigurationList;
			buildConfigurations = (
				6C31D7A6233F62A00058E3C3 /* Debug */,
				6C31D7A7233F62A00058E3C3 /* Release */,
			);
			defaultConfigurationIsVisible = 0;
			defaultConfigurationName = Release;
		};
/* End XCConfigurationList section */
	};
	rootObject = 6C31D78B233F629E0058E3C3 /* Project object */;
}
